
Microsoft Visual Studio Solution File, Format Version 12.00
# Visual Studio Version 16
VisualStudioVersion = 16.0.30503.244
MinimumVisualStudioVersion = 10.0.40219.1
Project("{FAE04EC0-301F-11D3-BF4B-00C04F79EFBC}") = "Clicker", "WindowsForms\Clicker.csproj", "{00A96417-3415-4F6C-95E9-AD4C8346ABCD}"
EndProject
Global
	GlobalSection(SolutionConfigurationPlatforms) = preSolution
		Debug|Any CPU = Debug|Any CPU
		Release|Any CPU = Release|Any CPU
	EndGlobalSection
	GlobalSection(ProjectConfigurationPlatforms) = postSolution
		{00A96417-3415-4F6C-95E9-AD4C8346ABCD}.Debug|Any CPU.ActiveCfg = Debug|Any CPU
		{00A96417-3415-4F6C-95E9-AD4C8346ABCD}.Debug|Any CPU.Build.0 = Debug|Any CPU
		{00A96417-3415-4F6C-95E9-AD4C8346ABCD}.Release|Any CPU.ActiveCfg = Release|Any CPU
		{00A96417-3415-4F6C-95E9-AD4C8346ABCD}.Release|Any CPU.Build.0 = Release|Any CPU
	EndGlobalSection
	GlobalSection(SolutionProperties) = preSolution
		HideSolutionNode = FALSE
	EndGlobalSection
	GlobalSection(ExtensibilityGlobals) = postSolution
		SolutionGuid = {28021ED1-9CD5-4979-A37E-4F80E3D75E0E}
	EndGlobalSection
EndGlobal
